<?xml version="1.0" encoding="utf-8"?>
<Project ToolsVersion="4.0" xmlns="http://schemas.microsoft.com/developer/msbuild/2003">
  <ItemGroup>
    <ClCompile Include="game.cpp" />
    <ClCompile Include="test.cpp" />
    <ClCompile Include="client_main.cpp" />
    <ClCompile Include="window.cpp" />
    <ClCompile Include="task\gui_task.cpp">
      <Filter>task</Filter>
    </ClCompile>
    <ClCompile Include="task\input_task.cpp">
      <Filter>task</Filter>
    </ClCompile>
    <ClCompile Include="task\logic_task.cpp">
      <Filter>task</Filter>
    </ClCompile>
    <ClCompile Include="task\prime_task.cpp">
      <Filter>task</Filter>
    </ClCompile>
    <ClCompile Include="task\renderer_task.cpp">
      <Filter>task</Filter>
    </ClCompile>
  </ItemGroup>
  <ItemGroup>
    <ClInclude Include="window.hpp" />
    <ClInclude Include="test.hpp" />
    <ClInclude Include="game.hpp" />
    <ClInclude Include="task\gui_task.hpp">
      <Filter>task</Filter>
    </ClInclude>
    <ClInclude Include="task\input_task.hpp">
      <Filter>task</Filter>
    </ClInclude>
    <ClInclude Include="task\logic_task.hpp">
      <Filter>task</Filter>
    </ClInclude>
    <ClInclude Include="task\prime_task.hpp">
      <Filter>task</Filter>
    </ClInclude>
    <ClInclude Include="task\renderer_task.hpp">
      <Filter>task</Filter>
    </ClInclude>
  </ItemGroup>
  <ItemGroup>
    <Filter Include="task">
      <UniqueIdentifier>{01a8871a-20ec-4d35-825f-cd27051cc0a4}</UniqueIdentifier>
    </Filter>
  </ItemGroup>
</Project>