<?xml version="1.0" encoding="utf-8"?>
<Project ToolsVersion="4.0" xmlns="http://schemas.microsoft.com/developer/msbuild/2003">
  <ItemGroup>
    <ClInclude Include="visible_item.hpp" />
    <ClInclude Include="framwork\depth_stencil.hpp">
      <Filter>framwork</Filter>
    </ClInclude>
    <ClInclude Include="framwork\device.hpp">
      <Filter>framwork</Filter>
    </ClInclude>
    <ClInclude Include="framwork\device_context.hpp">
      <Filter>framwork</Filter>
    </ClInclude>
    <ClInclude Include="framwork\render_target_mgr.hpp">
      <Filter>framwork</Filter>
    </ClInclude>
    <ClInclude Include="framwork\swap_chain.hpp">
      <Filter>framwork</Filter>
    </ClInclude>
    <ClInclude Include="framwork\texture_mgr.hpp">
      <Filter>framwork</Filter>
    </ClInclude>
    <ClInclude Include="renderer.hpp" />
  </ItemGroup>
  <ItemGroup>
    <Filter Include="framwork">
      <UniqueIdentifier>{dec31e49-c422-4442-b812-ef4b628b238b}</UniqueIdentifier>
    </Filter>
  </ItemGroup>
  <ItemGroup>
    <ClCompile Include="framwork\device.cpp">
      <Filter>framwork</Filter>
    </ClCompile>
    <ClCompile Include="framwork\device_context.cpp">
      <Filter>framwork</Filter>
    </ClCompile>
    <ClCompile Include="framwork\render_target_mgr.cpp">
      <Filter>framwork</Filter>
    </ClCompile>
    <ClCompile Include="framwork\swap_chain.cpp">
      <Filter>framwork</Filter>
    </ClCompile>
    <ClCompile Include="renderer.cpp" />
    <ClCompile Include="framwork\texture_mgr.cpp">
      <Filter>framwork</Filter>
    </ClCompile>
    <ClCompile Include="framwork\depth_stencil.cpp">
      <Filter>framwork</Filter>
    </ClCompile>
  </ItemGroup>
</Project>