<?xml version="1.0" encoding="utf-8"?>
<Project ToolsVersion="4.0" xmlns="http://schemas.microsoft.com/developer/msbuild/2003">
  <ItemGroup>
    <ClInclude Include="smart_ptr.hpp" />
    <ClInclude Include="log.hpp" />
    <ClInclude Include="string_utils.hpp" />
    <ClInclude Include="binary.hpp" />
    <ClInclude Include="buffer.hpp" />
    <ClInclude Include="scanner.hpp" />
  </ItemGroup>
  <ItemGroup>
    <ClCompile Include="string_utils.cpp" />
    <ClCompile Include="buffer.cpp" />
    <ClCompile Include="scanner.cpp" />
    <ClCompile Include="log.cpp" />
  </ItemGroup>
</Project>