<?xml version="1.0" encoding="utf-8"?>
<Project ToolsVersion="4.0" xmlns="http://schemas.microsoft.com/developer/msbuild/2003">
  <ItemGroup>
    <Filter Include="framwork">
      <UniqueIdentifier>{dec31e49-c422-4442-b812-ef4b628b238b}</UniqueIdentifier>
    </Filter>
    <Filter Include="primitive">
      <UniqueIdentifier>{35e5d2a0-a0df-433a-b01e-bbe8a65f3331}</UniqueIdentifier>
    </Filter>
  </ItemGroup>
  <ItemGroup>
    <ClCompile Include="..\..\box\framwork\depth_stencil.cpp">
      <Filter>framwork</Filter>
    </ClCompile>
    <ClCompile Include="..\..\box\framwork\device.cpp">
      <Filter>framwork</Filter>
    </ClCompile>
    <ClCompile Include="..\..\box\framwork\device_context.cpp">
      <Filter>framwork</Filter>
    </ClCompile>
    <ClCompile Include="..\..\box\framwork\swap_chain.cpp">
      <Filter>framwork</Filter>
    </ClCompile>
    <ClCompile Include="..\..\box\primitive\render_target_mgr.cpp">
      <Filter>primitive</Filter>
    </ClCompile>
    <ClCompile Include="..\..\box\primitive\texture_mgr.cpp">
      <Filter>primitive</Filter>
    </ClCompile>
    <ClCompile Include="..\..\box\primitive\vertex_buffer_mgr.cpp">
      <Filter>primitive</Filter>
    </ClCompile>
    <ClCompile Include="..\..\box\primitive\vertex_shader_mgr.cpp">
      <Filter>primitive</Filter>
    </ClCompile>
    <ClCompile Include="..\..\box\renderer.cpp" />
  </ItemGroup>
  <ItemGroup>
    <ClInclude Include="..\..\box\framwork\depth_stencil.hpp">
      <Filter>framwork</Filter>
    </ClInclude>
    <ClInclude Include="..\..\box\framwork\device.hpp">
      <Filter>framwork</Filter>
    </ClInclude>
    <ClInclude Include="..\..\box\framwork\device_context.hpp">
      <Filter>framwork</Filter>
    </ClInclude>
    <ClInclude Include="..\..\box\framwork\swap_chain.hpp">
      <Filter>framwork</Filter>
    </ClInclude>
    <ClInclude Include="..\..\box\primitive\index_buffer_mgr.hpp">
      <Filter>primitive</Filter>
    </ClInclude>
    <ClInclude Include="..\..\box\primitive\render_target_mgr.hpp">
      <Filter>primitive</Filter>
    </ClInclude>
    <ClInclude Include="..\..\box\primitive\texture_mgr.hpp">
      <Filter>primitive</Filter>
    </ClInclude>
    <ClInclude Include="..\..\box\primitive\vertex_buffer_mgr.hpp">
      <Filter>primitive</Filter>
    </ClInclude>
    <ClInclude Include="..\..\box\primitive\vertex_shader_mgr.hpp">
      <Filter>primitive</Filter>
    </ClInclude>
    <ClInclude Include="..\..\box\renderer.hpp" />
    <ClInclude Include="..\..\box\visible_item.hpp" />
    <ClInclude Include="..\..\box\framwork\shader_compiler.hpp">
      <Filter>framwork</Filter>
    </ClInclude>
  </ItemGroup>
</Project>