<?xml version="1.0" encoding="utf-8"?>
<Project ToolsVersion="4.0" xmlns="http://schemas.microsoft.com/developer/msbuild/2003">
  <ItemGroup>
    <Filter Include="effects">
      <UniqueIdentifier>{d8718420-2929-49be-858f-b8f381212c56}</UniqueIdentifier>
    </Filter>
    <Filter Include="prime">
      <UniqueIdentifier>{359ff27b-bb96-4861-80fe-d7a4d20bb2e9}</UniqueIdentifier>
    </Filter>
  </ItemGroup>
  <ItemGroup>
    <ClCompile Include="..\..\box\renderer.cpp" />
    <ClCompile Include="..\..\box\visual.cpp" />
    <ClCompile Include="..\..\box\effects\effect_desc_mgr.cpp">
      <Filter>effects</Filter>
    </ClCompile>
    <ClCompile Include="..\..\box\prime\const_buffer.cpp">
      <Filter>prime</Filter>
    </ClCompile>
    <ClCompile Include="..\..\box\prime\depth_stencil.cpp">
      <Filter>prime</Filter>
    </ClCompile>
    <ClCompile Include="..\..\box\prime\device.cpp">
      <Filter>prime</Filter>
    </ClCompile>
    <ClCompile Include="..\..\box\prime\device_context.cpp">
      <Filter>prime</Filter>
    </ClCompile>
    <ClCompile Include="..\..\box\prime\shader_helper.cpp">
      <Filter>prime</Filter>
    </ClCompile>
    <ClCompile Include="..\..\box\prime\swap_chain.cpp">
      <Filter>prime</Filter>
    </ClCompile>
    <ClCompile Include="..\..\box\prime\blend_state_mgr.cpp">
      <Filter>prime</Filter>
    </ClCompile>
    <ClCompile Include="..\..\box\prime\const_buffer_desc.cpp">
      <Filter>prime</Filter>
    </ClCompile>
    <ClCompile Include="..\..\box\prime\depth_stencil_state_mgr.cpp">
      <Filter>prime</Filter>
    </ClCompile>
    <ClCompile Include="..\..\box\prime\global_const_mgr.cpp">
      <Filter>prime</Filter>
    </ClCompile>
    <ClCompile Include="..\..\box\prime\input_layout_mgr.cpp">
      <Filter>prime</Filter>
    </ClCompile>
    <ClCompile Include="..\..\box\prime\render_target_mgr.cpp">
      <Filter>prime</Filter>
    </ClCompile>
    <ClCompile Include="..\..\box\prime\sampler_state_mgr.cpp">
      <Filter>prime</Filter>
    </ClCompile>
    <ClCompile Include="..\..\box\prime\texture_mgr.cpp">
      <Filter>prime</Filter>
    </ClCompile>
    <ClCompile Include="..\..\box\prime\vertex_buffer_mgr.cpp">
      <Filter>prime</Filter>
    </ClCompile>
    <ClCompile Include="..\..\box\prime\vertex_shader_mgr.cpp">
      <Filter>prime</Filter>
    </ClCompile>
    <ClCompile Include="..\..\box\prime\pixel_shader_mgr.cpp">
      <Filter>prime</Filter>
    </ClCompile>
  </ItemGroup>
  <ItemGroup>
    <ClInclude Include="..\..\box\renderer.hpp" />
    <ClInclude Include="..\..\box\visible_item.hpp" />
    <ClInclude Include="..\..\box\effects\effect_2d.hpp">
      <Filter>effects</Filter>
    </ClInclude>
    <ClInclude Include="..\..\box\effects\effect.hpp">
      <Filter>effects</Filter>
    </ClInclude>
    <ClInclude Include="..\..\box\visual.hpp" />
    <ClInclude Include="..\..\box\effects\effect_desc_mgr.hpp">
      <Filter>effects</Filter>
    </ClInclude>
    <ClInclude Include="..\..\box\prime\const_buffer.hpp">
      <Filter>prime</Filter>
    </ClInclude>
    <ClInclude Include="..\..\box\prime\depth_stencil.hpp">
      <Filter>prime</Filter>
    </ClInclude>
    <ClInclude Include="..\..\box\prime\device.hpp">
      <Filter>prime</Filter>
    </ClInclude>
    <ClInclude Include="..\..\box\prime\device_context.hpp">
      <Filter>prime</Filter>
    </ClInclude>
    <ClInclude Include="..\..\box\prime\shader_helper.hpp">
      <Filter>prime</Filter>
    </ClInclude>
    <ClInclude Include="..\..\box\prime\swap_chain.hpp">
      <Filter>prime</Filter>
    </ClInclude>
    <ClInclude Include="..\..\box\prime\blend_state_mgr.hpp">
      <Filter>prime</Filter>
    </ClInclude>
    <ClInclude Include="..\..\box\prime\const_buffer_desc.hpp">
      <Filter>prime</Filter>
    </ClInclude>
    <ClInclude Include="..\..\box\prime\depth_stencil_state_mgr.hpp">
      <Filter>prime</Filter>
    </ClInclude>
    <ClInclude Include="..\..\box\prime\global_const_mgr.hpp">
      <Filter>prime</Filter>
    </ClInclude>
    <ClInclude Include="..\..\box\prime\index_buffer_mgr.hpp">
      <Filter>prime</Filter>
    </ClInclude>
    <ClInclude Include="..\..\box\prime\input_layout_mgr.hpp">
      <Filter>prime</Filter>
    </ClInclude>
    <ClInclude Include="..\..\box\prime\pixel_shader_mgr.hpp">
      <Filter>prime</Filter>
    </ClInclude>
    <ClInclude Include="..\..\box\prime\render_target_mgr.hpp">
      <Filter>prime</Filter>
    </ClInclude>
    <ClInclude Include="..\..\box\prime\sampler_state_mgr.hpp">
      <Filter>prime</Filter>
    </ClInclude>
    <ClInclude Include="..\..\box\prime\texture_mgr.hpp">
      <Filter>prime</Filter>
    </ClInclude>
    <ClInclude Include="..\..\box\prime\vertex_buffer_mgr.hpp">
      <Filter>prime</Filter>
    </ClInclude>
    <ClInclude Include="..\..\box\prime\vertex_shader_mgr.hpp">
      <Filter>prime</Filter>
    </ClInclude>
  </ItemGroup>
</Project>