<?xml version="1.0" encoding="utf-8"?>
<Project ToolsVersion="4.0" xmlns="http://schemas.microsoft.com/developer/msbuild/2003">
  <ItemGroup>
    <ClCompile Include="..\..\res_mgr\file_system.cpp" />
    <ClCompile Include="..\..\res_mgr\res_mgr.cpp" />
    <ClCompile Include="..\..\res_mgr\section.cpp" />
    <ClCompile Include="..\..\res_mgr\section_parser.cpp" />
  </ItemGroup>
  <ItemGroup>
    <ClInclude Include="..\..\res_mgr\file_system.hpp" />
    <ClInclude Include="..\..\res_mgr\res_mgr.hpp" />
    <ClInclude Include="..\..\res_mgr\section.hpp" />
    <ClInclude Include="..\..\res_mgr\section_parser.hpp" />
  </ItemGroup>
</Project>